
Microsoft Visual Studio Solution File, Format Version 12.00
# Visual Studio 15
VisualStudioVersion = 15.0.28307.168
MinimumVisualStudioVersion = 10.0.40219.1
Project("{FAE04EC0-301F-11D3-BF4B-00C04F79EFBC}") = "TextAnalysisTools", "TextAnalysisTools\TextAnalysisTools.csproj", "{5B6DA225-5330-42EC-A222-4DA5F33B1A2D}"
EndProject
Global
	GlobalSection(SolutionConfigurationPlatforms) = preSolution
		Debug|Any CPU = Debug|Any CPU
		Release|Any CPU = Release|Any CPU
	EndGlobalSection
	GlobalSection(ProjectConfigurationPlatforms) = postSolution
		{5B6DA225-5330-42EC-A222-4DA5F33B1A2D}.Debug|Any CPU.ActiveCfg = Debug|Any CPU
		{5B6DA225-5330-42EC-A222-4DA5F33B1A2D}.Debug|Any CPU.Build.0 = Debug|Any CPU
		{5B6DA225-5330-42EC-A222-4DA5F33B1A2D}.Release|Any CPU.ActiveCfg = Release|Any CPU
		{5B6DA225-5330-42EC-A222-4DA5F33B1A2D}.Release|Any CPU.Build.0 = Release|Any CPU
	EndGlobalSection
	GlobalSection(SolutionProperties) = preSolution
		HideSolutionNode = FALSE
	EndGlobalSection
	GlobalSection(ExtensibilityGlobals) = postSolution
		SolutionGuid = {B2DE8D6D-5724-4D1B-B1DE-AD9C1A075B32}
	EndGlobalSection
EndGlobal
